<?xml version="1.0" encoding="utf-8"?>
<Project ToolsVersion="4.0" xmlns="http://schemas.microsoft.com/developer/msbuild/2003">
  <ItemGroup>
    <Filter Include="Utilities">
      <UniqueIdentifier>{010A8043-6D74-34BA-B6B2-E55F225C120F}</UniqueIdentifier>
    </Filter>
  </ItemGroup>
  <ItemGroup>
    <ClInclude Include="src\Application.h" />
    <ClInclude Include="src\Core.h" />
    <ClInclude Include="src\Engine.h" />
    <ClInclude Include="src\EntryPoint.h" />
    <ClInclude Include="src\Utilities\ErrorLogger.h">
      <Filter>Utilities</Filter>
    </ClInclude>
  </ItemGroup>
  <ItemGroup>
    <ClCompile Include="src\Application.cpp" />
    <ClCompile Include="src\Utilities\ErrorLogger.cpp">
      <Filter>Utilities</Filter>
    </ClCompile>
  </ItemGroup>
  <ItemGroup>
    <None Include="src\res\shaders\Basic.glsl" />
  </ItemGroup>
</Project>